
Microsoft Visual Studio Solution File, Format Version 12.00
# Visual Studio Version 17
VisualStudioVersion = 17.13.36105.23
MinimumVisualStudioVersion = 10.0.40219.1
Project("{FAE04EC0-301F-11D3-BF4B-00C04F79EFBC}") = "API", "API\API.csproj", "{331E4A57-5CEE-4D5F-9C3B-679CA2D5313C}"
EndProject
Global
	GlobalSection(SolutionConfigurationPlatforms) = preSolution
		Debug|Any CPU = Debug|Any CPU
		Release|Any CPU = Release|Any CPU
	EndGlobalSection
	GlobalSection(ProjectConfigurationPlatforms) = postSolution
		{331E4A57-5CEE-4D5F-9C3B-679CA2D5313C}.Debug|Any CPU.ActiveCfg = Debug|Any CPU
		{331E4A57-5CEE-4D5F-9C3B-679CA2D5313C}.Debug|Any CPU.Build.0 = Debug|Any CPU
		{331E4A57-5CEE-4D5F-9C3B-679CA2D5313C}.Release|Any CPU.ActiveCfg = Release|Any CPU
		{331E4A57-5CEE-4D5F-9C3B-679CA2D5313C}.Release|Any CPU.Build.0 = Release|Any CPU
	EndGlobalSection
	GlobalSection(SolutionProperties) = preSolution
		HideSolutionNode = FALSE
	EndGlobalSection
	GlobalSection(ExtensibilityGlobals) = postSolution
		SolutionGuid = {E0361761-FB53-45BF-8E5F-065DE05AF43F}
	EndGlobalSection
EndGlobal
